Microsoft Visual Studio Solution File, Format Version 12.00
# Visual Studio Version 17
VisualStudioVersion = 17.5.2.0
MinimumVisualStudioVersion = 10.0.40219.1
Project("{FAE04EC0-301F-11D3-BF4B-00C04F79EFBC}") = "MediSure_Clinic_Billing", "MediSure_Clinic_Billing.csproj", "{0D25E7C5-85F8-1F9F-F555-C89BA9BE7AC3}"
EndProject
Global
	GlobalSection(SolutionConfigurationPlatforms) = preSolution
		Debug|Any CPU = Debug|Any CPU
		Release|Any CPU = Release|Any CPU
	EndGlobalSection
	GlobalSection(ProjectConfigurationPlatforms) = postSolution
		{0D25E7C5-85F8-1F9F-F555-C89BA9BE7AC3}.Debug|Any CPU.ActiveCfg = Debug|Any CPU
		{0D25E7C5-85F8-1F9F-F555-C89BA9BE7AC3}.Debug|Any CPU.Build.0 = Debug|Any CPU
		{0D25E7C5-85F8-1F9F-F555-C89BA9BE7AC3}.Release|Any CPU.ActiveCfg = Release|Any CPU
		{0D25E7C5-85F8-1F9F-F555-C89BA9BE7AC3}.Release|Any CPU.Build.0 = Release|Any CPU
	EndGlobalSection
	GlobalSection(SolutionProperties) = preSolution
		HideSolutionNode = FALSE
	EndGlobalSection
	GlobalSection(ExtensibilityGlobals) = postSolution
		SolutionGuid = {C6DD2AFB-57CE-4A84-B87D-5A252C594754}
	EndGlobalSection
EndGlobal
